<?xml version="1.0" encoding="utf-8"?>
<Project ToolsVersion="4.0" xmlns="http://schemas.microsoft.com/developer/msbuild/2003">
  <ItemGroup>
    <Filter Include="Source Files">
      <UniqueIdentifier>{4FC737F1-C7A5-4376-A066-2A32D752A2FF}</UniqueIdentifier>
      <Extensions>cpp;c;cc;cxx;c++;cppm;ixx;def;odl;idl;hpj;bat;asm;asmx</Extensions>
    </Filter>
    <Filter Include="Header Files">
      <UniqueIdentifier>{93995380-89BD-4b04-88EB-625FBE52EBFB}</UniqueIdentifier>
      <Extensions>h;hh;hpp;hxx;h++;hm;inl;inc;ipp;xsd</Extensions>
    </Filter>
    <Filter Include="Resource Files">
      <UniqueIdentifier>{67DA6AB6-F800-4c08-8B7A-83BB121AAD01}</UniqueIdentifier>
      <Extensions>rc;ico;cur;bmp;dlg;rc2;rct;bin;rgs;gif;jpg;jpeg;jpe;resx;tiff;tif;png;wav;mfcribbon-ms</Extensions>
    </Filter>
    <Filter Include="Header Files\engine">
      <UniqueIdentifier>{0499538f-b898-4701-af13-00bcbf33a88e}</UniqueIdentifier>
    </Filter>
    <Filter Include="Source Files\engine">
      <UniqueIdentifier>{39b39bc7-f6a5-4ae2-bafd-20ea21a3bacd}</UniqueIdentifier>
    </Filter>
    <Filter Include="Header Files\engine\tools">
      <UniqueIdentifier>{14661c5b-57a6-4308-af02-7c1dda120df4}</UniqueIdentifier>
    </Filter>
    <Filter Include="Header Files\engine\actors">
      <UniqueIdentifier>{af52e4f6-7051-4bc6-a6de-5e10ff3683ef}</UniqueIdentifier>
    </Filter>
    <Filter Include="Header Files\engine\game">
      <UniqueIdentifier>{c71734ef-b456-4727-8ff1-b9d4b650394a}</UniqueIdentifier>
    </Filter>
    <Filter Include="Source Files\engine\actors">
      <UniqueIdentifier>{83e68efb-8427-4fc8-8b4c-5f5746700572}</UniqueIdentifier>
    </Filter>
    <Filter Include="Source Files\engine\tools">
      <UniqueIdentifier>{fa76b4d2-461b-4e0b-b266-bcb865a88ae0}</UniqueIdentifier>
    </Filter>
    <Filter Include="Source Files\engine\game">
      <UniqueIdentifier>{6d3c62e6-e65f-4da3-b9bb-5184a1758aec}</UniqueIdentifier>
    </Filter>
    <Filter Include="Header Files\engine\scenes">
      <UniqueIdentifier>{e99e1466-5f59-4c7b-8e62-bbd8e05247e2}</UniqueIdentifier>
    </Filter>
    <Filter Include="Source Files\adventure">
      <UniqueIdentifier>{bd4cc79c-b03b-4d7f-b4bc-ab5de5ff33a9}</UniqueIdentifier>
    </Filter>
    <Filter Include="Source Files\adventure\actors">
      <UniqueIdentifier>{8aa38d55-9da6-423c-b464-c3ef27563c7b}</UniqueIdentifier>
    </Filter>
    <Filter Include="Header Files\adventure">
      <UniqueIdentifier>{73ea9d1c-9f18-4dd9-a7ba-c5fc38abba3a}</UniqueIdentifier>
    </Filter>
    <Filter Include="Header Files\adventure\actors">
      <UniqueIdentifier>{98d1ed99-10f7-4a78-a846-64368538569b}</UniqueIdentifier>
    </Filter>
    <Filter Include="Source Files\adventure\scenes">
      <UniqueIdentifier>{a644b98c-514b-4081-8a68-7d3dc5b56d5b}</UniqueIdentifier>
    </Filter>
    <Filter Include="Header Files\adventure\scenes">
      <UniqueIdentifier>{8bb89acc-e637-4242-8459-cd48d45e31ba}</UniqueIdentifier>
    </Filter>
    <Filter Include="Source Files\adventure\assets">
      <UniqueIdentifier>{d02f349d-0f27-4f7b-b9f6-ee4898d2923b}</UniqueIdentifier>
    </Filter>
    <Filter Include="Header Files\adventure\assets">
      <UniqueIdentifier>{9dc72926-71e7-4416-9bb6-68ea5280ae3f}</UniqueIdentifier>
    </Filter>
  </ItemGroup>
  <ItemGroup>
    <ClCompile Include="main.c">
      <Filter>Source Files</Filter>
    </ClCompile>
    <ClCompile Include="return_codes.h">
      <Filter>Header Files\engine\tools</Filter>
    </ClCompile>
    <ClCompile Include="actor_factory.c">
      <Filter>Source Files\engine\actors</Filter>
    </ClCompile>
    <ClCompile Include="hashmap.c">
      <Filter>Source Files\engine\tools</Filter>
    </ClCompile>
    <ClCompile Include="game_draw.c">
      <Filter>Source Files\engine\game</Filter>
    </ClCompile>
    <ClCompile Include="assets.c">
      <Filter>Source Files\engine\game</Filter>
    </ClCompile>
    <ClCompile Include="game_update.c">
      <Filter>Source Files\engine\game</Filter>
    </ClCompile>
    <ClCompile Include="tools.c">
      <Filter>Source Files\engine\tools</Filter>
    </ClCompile>
    <ClCompile Include="actor_scene.c">
      <Filter>Source Files\engine\actors</Filter>
    </ClCompile>
    <ClCompile Include="actor.c">
      <Filter>Source Files\engine\actors</Filter>
    </ClCompile>
    <ClCompile Include="actor_player.c">
      <Filter>Source Files\adventure\actors</Filter>
    </ClCompile>
    <ClCompile Include="scene_debug.c">
      <Filter>Source Files\adventure\scenes</Filter>
    </ClCompile>
    <ClCompile Include="scene_test.c">
      <Filter>Source Files\adventure\scenes</Filter>
    </ClCompile>
    <ClCompile Include="scene_title.c">
      <Filter>Source Files\adventure\scenes</Filter>
    </ClCompile>
    <ClCompile Include="actor_test.c">
      <Filter>Source Files\adventure\actors</Filter>
    </ClCompile>
    <ClCompile Include="scene_boot.c">
      <Filter>Source Files\adventure\scenes</Filter>
    </ClCompile>
    <ClCompile Include="actor_debug.c">
      <Filter>Source Files\adventure\actors</Filter>
    </ClCompile>
    <ClCompile Include="input.c">
      <Filter>Source Files\engine\game</Filter>
    </ClCompile>
    <ClCompile Include="scene_fieldtest.c">
      <Filter>Source Files\adventure\scenes</Filter>
    </ClCompile>
    <ClCompile Include="actor_camera.c">
      <Filter>Source Files\engine\actors</Filter>
    </ClCompile>
    <ClCompile Include="materials.c">
      <Filter>Source Files\engine\game</Filter>
    </ClCompile>
    <ClCompile Include="core_assets.c">
      <Filter>Source Files\adventure\assets</Filter>
    </ClCompile>
    <ClCompile Include="actor_entrance.c">
      <Filter>Source Files\engine\actors</Filter>
    </ClCompile>
    <ClCompile Include="actor_skybox.c">
      <Filter>Source Files\engine\actors</Filter>
    </ClCompile>
    <ClCompile Include="collision.c">
      <Filter>Source Files\engine\game</Filter>
    </ClCompile>
  </ItemGroup>
  <ItemGroup>
    <ClInclude Include="tools.h">
      <Filter>Header Files\engine\tools</Filter>
    </ClInclude>
    <ClInclude Include="hashmap.h">
      <Filter>Header Files\engine\tools</Filter>
    </ClInclude>
    <ClInclude Include="actor.h">
      <Filter>Header Files\engine\actors</Filter>
    </ClInclude>
    <ClInclude Include="actor_factory.h">
      <Filter>Header Files\engine\actors</Filter>
    </ClInclude>
    <ClInclude Include="assets.h">
      <Filter>Header Files\engine\game</Filter>
    </ClInclude>
    <ClInclude Include="game_draw.h">
      <Filter>Header Files\engine\game</Filter>
    </ClInclude>
    <ClInclude Include="game_update.h">
      <Filter>Header Files\engine\game</Filter>
    </ClInclude>
    <ClInclude Include="globals.h">
      <Filter>Header Files\engine</Filter>
    </ClInclude>
    <ClInclude Include="actor_scene.h">
      <Filter>Header Files\engine\actors</Filter>
    </ClInclude>
    <ClInclude Include="scene_entry.h">
      <Filter>Header Files\engine\scenes</Filter>
    </ClInclude>
    <ClInclude Include="camera.h">
      <Filter>Header Files\engine\game</Filter>
    </ClInclude>
    <ClInclude Include="scene_library.h">
      <Filter>Header Files\adventure\scenes</Filter>
    </ClInclude>
    <ClInclude Include="actor_library.h">
      <Filter>Header Files\adventure\actors</Filter>
    </ClInclude>
    <ClInclude Include="materials.h">
      <Filter>Header Files\engine\game</Filter>
    </ClInclude>
    <ClInclude Include="core_assets.h">
      <Filter>Header Files\adventure\assets</Filter>
    </ClInclude>
    <ClInclude Include="actor_entrance.h">
      <Filter>Header Files\engine\actors</Filter>
    </ClInclude>
    <ClInclude Include="collision.h">
      <Filter>Header Files\engine\game</Filter>
    </ClInclude>
  </ItemGroup>
  <ItemGroup>
    <None Include="cpp.hint" />
    <None Include="input.h">
      <Filter>Header Files\engine\game</Filter>
    </None>
  </ItemGroup>
</Project>