<?xml version="1.0" encoding="utf-8"?>
<Project ToolsVersion="4.0" xmlns="http://schemas.microsoft.com/developer/msbuild/2003">
  <ItemGroup>
    <Filter Include="Source Files">
      <UniqueIdentifier>{4FC737F1-C7A5-4376-A066-2A32D752A2FF}</UniqueIdentifier>
      <Extensions>cpp;c;cc;cxx;c++;cppm;ixx;def;odl;idl;hpj;bat;asm;asmx</Extensions>
    </Filter>
    <Filter Include="Header Files">
      <UniqueIdentifier>{93995380-89BD-4b04-88EB-625FBE52EBFB}</UniqueIdentifier>
      <Extensions>h;hh;hpp;hxx;h++;hm;inl;inc;ipp;xsd</Extensions>
    </Filter>
    <Filter Include="Resource Files">
      <UniqueIdentifier>{67DA6AB6-F800-4c08-8B7A-83BB121AAD01}</UniqueIdentifier>
      <Extensions>rc;ico;cur;bmp;dlg;rc2;rct;bin;rgs;gif;jpg;jpeg;jpe;resx;tiff;tif;png;wav;mfcribbon-ms</Extensions>
    </Filter>
    <Filter Include="Header Files\engine">
      <UniqueIdentifier>{0499538f-b898-4701-af13-00bcbf33a88e}</UniqueIdentifier>
    </Filter>
    <Filter Include="Source Files\engine">
      <UniqueIdentifier>{39b39bc7-f6a5-4ae2-bafd-20ea21a3bacd}</UniqueIdentifier>
    </Filter>
    <Filter Include="Header Files\engine\tools">
      <UniqueIdentifier>{14661c5b-57a6-4308-af02-7c1dda120df4}</UniqueIdentifier>
    </Filter>
    <Filter Include="Header Files\engine\actors">
      <UniqueIdentifier>{af52e4f6-7051-4bc6-a6de-5e10ff3683ef}</UniqueIdentifier>
    </Filter>
    <Filter Include="Header Files\engine\game">
      <UniqueIdentifier>{c71734ef-b456-4727-8ff1-b9d4b650394a}</UniqueIdentifier>
    </Filter>
    <Filter Include="Source Files\engine\actors">
      <UniqueIdentifier>{83e68efb-8427-4fc8-8b4c-5f5746700572}</UniqueIdentifier>
    </Filter>
    <Filter Include="Source Files\engine\tools">
      <UniqueIdentifier>{fa76b4d2-461b-4e0b-b266-bcb865a88ae0}</UniqueIdentifier>
    </Filter>
    <Filter Include="Source Files\engine\game">
      <UniqueIdentifier>{6d3c62e6-e65f-4da3-b9bb-5184a1758aec}</UniqueIdentifier>
    </Filter>
    <Filter Include="Header Files\engine\scenes">
      <UniqueIdentifier>{e99e1466-5f59-4c7b-8e62-bbd8e05247e2}</UniqueIdentifier>
    </Filter>
    <Filter Include="Source Files\module">
      <UniqueIdentifier>{bd4cc79c-b03b-4d7f-b4bc-ab5de5ff33a9}</UniqueIdentifier>
    </Filter>
    <Filter Include="Source Files\module\actors">
      <UniqueIdentifier>{8aa38d55-9da6-423c-b464-c3ef27563c7b}</UniqueIdentifier>
    </Filter>
    <Filter Include="Header Files\module">
      <UniqueIdentifier>{73ea9d1c-9f18-4dd9-a7ba-c5fc38abba3a}</UniqueIdentifier>
    </Filter>
    <Filter Include="Header Files\module\actors">
      <UniqueIdentifier>{98d1ed99-10f7-4a78-a846-64368538569b}</UniqueIdentifier>
    </Filter>
    <Filter Include="Source Files\module\scenes">
      <UniqueIdentifier>{a644b98c-514b-4081-8a68-7d3dc5b56d5b}</UniqueIdentifier>
    </Filter>
    <Filter Include="Source Files\module\assets">
      <UniqueIdentifier>{d02f349d-0f27-4f7b-b9f6-ee4898d2923b}</UniqueIdentifier>
    </Filter>
    <Filter Include="Source Files\module\game">
      <UniqueIdentifier>{cd9a0e50-0966-42ad-9e50-4634f46ef16f}</UniqueIdentifier>
    </Filter>
    <Filter Include="Header Files\hashmap">
      <UniqueIdentifier>{ba968dd7-1a95-4f0b-b197-cf330bb26838}</UniqueIdentifier>
    </Filter>
    <Filter Include="Source Files\hashmap">
      <UniqueIdentifier>{3d37dd40-4d53-46e5-9f6e-8e743bc38e82}</UniqueIdentifier>
    </Filter>
    <Filter Include="Header Files\module\actors\player_states">
      <UniqueIdentifier>{fe66cc40-e27c-4593-bb87-77f81c75ea48}</UniqueIdentifier>
    </Filter>
    <Filter Include="Source Files\module\actors\player_states">
      <UniqueIdentifier>{92bbfbf4-8b37-4fe9-88f5-4ccabfead260}</UniqueIdentifier>
    </Filter>
    <Filter Include="Source Files\engine\localization">
      <UniqueIdentifier>{3df59ec4-67f3-4fbb-a231-e72e26ada154}</UniqueIdentifier>
    </Filter>
    <Filter Include="Header Files\engine\localization">
      <UniqueIdentifier>{da819f6d-f6ca-47b9-9c56-a9e10bb9d4c0}</UniqueIdentifier>
    </Filter>
    <Filter Include="Source Files\cjson">
      <UniqueIdentifier>{2f12a7b0-e928-4ff6-b39d-ff2e80c4f59a}</UniqueIdentifier>
    </Filter>
    <Filter Include="Header Files\cjson">
      <UniqueIdentifier>{64ff0ffb-3c0d-4202-b5c2-a09c09af5433}</UniqueIdentifier>
    </Filter>
  </ItemGroup>
  <ItemGroup>
    <ClCompile Include="main.c">
      <Filter>Source Files</Filter>
    </ClCompile>
    <ClCompile Include="return_codes.h">
      <Filter>Header Files\engine\tools</Filter>
    </ClCompile>
    <ClCompile Include="actor_factory.c">
      <Filter>Source Files\engine\actors</Filter>
    </ClCompile>
    <ClCompile Include="game_draw.c">
      <Filter>Source Files\engine\game</Filter>
    </ClCompile>
    <ClCompile Include="assets.c">
      <Filter>Source Files\engine\game</Filter>
    </ClCompile>
    <ClCompile Include="game_update.c">
      <Filter>Source Files\engine\game</Filter>
    </ClCompile>
    <ClCompile Include="tools.c">
      <Filter>Source Files\engine\tools</Filter>
    </ClCompile>
    <ClCompile Include="actor_scene.c">
      <Filter>Source Files\engine\actors</Filter>
    </ClCompile>
    <ClCompile Include="actor.c">
      <Filter>Source Files\engine\actors</Filter>
    </ClCompile>
    <ClCompile Include="actor_player.c">
      <Filter>Source Files\module\actors</Filter>
    </ClCompile>
    <ClCompile Include="scene_debugmenu.c">
      <Filter>Source Files\module\scenes</Filter>
    </ClCompile>
    <ClCompile Include="scene_test.c">
      <Filter>Source Files\module\scenes</Filter>
    </ClCompile>
    <ClCompile Include="scene_title.c">
      <Filter>Source Files\module\scenes</Filter>
    </ClCompile>
    <ClCompile Include="actor_test.c">
      <Filter>Source Files\module\actors</Filter>
    </ClCompile>
    <ClCompile Include="scene_boot.c">
      <Filter>Source Files\module\scenes</Filter>
    </ClCompile>
    <ClCompile Include="actor_debug.c">
      <Filter>Source Files\module\actors</Filter>
    </ClCompile>
    <ClCompile Include="input.c">
      <Filter>Source Files\engine\game</Filter>
    </ClCompile>
    <ClCompile Include="scene_fieldtest.c">
      <Filter>Source Files\module\scenes</Filter>
    </ClCompile>
    <ClCompile Include="actor_camera.c">
      <Filter>Source Files\engine\actors</Filter>
    </ClCompile>
    <ClCompile Include="materials.c">
      <Filter>Source Files\engine\game</Filter>
    </ClCompile>
    <ClCompile Include="core_assets.c">
      <Filter>Source Files\module\assets</Filter>
    </ClCompile>
    <ClCompile Include="collision.c">
      <Filter>Source Files\engine\game</Filter>
    </ClCompile>
    <ClCompile Include="world_state.c">
      <Filter>Source Files\module\game</Filter>
    </ClCompile>
    <ClCompile Include="actor_animationtest.c">
      <Filter>Source Files\module\actors</Filter>
    </ClCompile>
    <ClCompile Include="animation.c">
      <Filter>Source Files\engine\game</Filter>
    </ClCompile>
    <ClCompile Include="hashmap.c">
      <Filter>Source Files\hashmap</Filter>
    </ClCompile>
    <ClCompile Include="player_state_grounded.c">
      <Filter>Source Files\module\actors\player_states</Filter>
    </ClCompile>
    <ClCompile Include="player_state_generic.c">
      <Filter>Source Files\module\actors\player_states</Filter>
    </ClCompile>
    <ClCompile Include="player_state_air.c">
      <Filter>Source Files\module\actors\player_states</Filter>
    </ClCompile>
    <ClCompile Include="inventory.c">
      <Filter>Source Files\module\game</Filter>
    </ClCompile>
    <ClCompile Include="actor_pause_box.c">
      <Filter>Source Files\module\actors</Filter>
    </ClCompile>
    <ClCompile Include="actor_fadein.c">
      <Filter>Source Files\engine\actors</Filter>
    </ClCompile>
    <ClCompile Include="actor_fadeout.c">
      <Filter>Source Files\engine\actors</Filter>
    </ClCompile>
    <ClCompile Include="text_loading.c">
      <Filter>Source Files\engine\localization</Filter>
    </ClCompile>
    <ClCompile Include="actor_signpost.c">
      <Filter>Source Files\module\actors</Filter>
    </ClCompile>
    <ClCompile Include="actor_fire.c">
      <Filter>Source Files\module\actors</Filter>
    </ClCompile>
    <ClCompile Include="actor_woodtorch.c">
      <Filter>Source Files\module\actors</Filter>
    </ClCompile>
    <ClCompile Include="actor_tree.c">
      <Filter>Source Files\module\actors</Filter>
    </ClCompile>
    <ClCompile Include="cJSON.c">
      <Filter>Source Files\cjson</Filter>
    </ClCompile>
    <ClCompile Include="cJSON_Utils.c">
      <Filter>Source Files\cjson</Filter>
    </ClCompile>
    <ClCompile Include="models.c">
      <Filter>Source Files\engine\game</Filter>
    </ClCompile>
    <ClCompile Include="actor_skybox.c">
      <Filter>Source Files\module\actors</Filter>
    </ClCompile>
    <ClCompile Include="actor_textbox.c">
      <Filter>Source Files\module\actors</Filter>
    </ClCompile>
    <ClCompile Include="actor_trigger_exit.c">
      <Filter>Source Files\module\actors</Filter>
    </ClCompile>
    <ClCompile Include="actor_entrance.c">
      <Filter>Source Files\module\actors</Filter>
    </ClCompile>
    <ClCompile Include="actor_hole.c">
      <Filter>Source Files\module\actors</Filter>
    </ClCompile>
    <ClCompile Include="actor_crate.c">
      <Filter>Source Files\module\actors</Filter>
    </ClCompile>
    <ClCompile Include="post_processing.c">
      <Filter>Source Files\engine\game</Filter>
    </ClCompile>
    <ClCompile Include="actor_smallrock.c">
      <Filter>Source Files\module\actors</Filter>
    </ClCompile>
    <ClCompile Include="actor_roomfade.c">
      <Filter>Source Files\module\actors</Filter>
    </ClCompile>
  </ItemGroup>
  <ItemGroup>
    <ClInclude Include="tools.h">
      <Filter>Header Files\engine\tools</Filter>
    </ClInclude>
    <ClInclude Include="actor.h">
      <Filter>Header Files\engine\actors</Filter>
    </ClInclude>
    <ClInclude Include="actor_factory.h">
      <Filter>Header Files\engine\actors</Filter>
    </ClInclude>
    <ClInclude Include="assets.h">
      <Filter>Header Files\engine\game</Filter>
    </ClInclude>
    <ClInclude Include="game_draw.h">
      <Filter>Header Files\engine\game</Filter>
    </ClInclude>
    <ClInclude Include="game_update.h">
      <Filter>Header Files\engine\game</Filter>
    </ClInclude>
    <ClInclude Include="globals.h">
      <Filter>Header Files\engine</Filter>
    </ClInclude>
    <ClInclude Include="actor_scene.h">
      <Filter>Header Files\engine\actors</Filter>
    </ClInclude>
    <ClInclude Include="scene_entry.h">
      <Filter>Header Files\engine\scenes</Filter>
    </ClInclude>
    <ClInclude Include="camera.h">
      <Filter>Header Files\engine\game</Filter>
    </ClInclude>
    <ClInclude Include="materials.h">
      <Filter>Header Files\engine\game</Filter>
    </ClInclude>
    <ClInclude Include="collision.h">
      <Filter>Header Files\engine\game</Filter>
    </ClInclude>
    <ClInclude Include="light_tools.h">
      <Filter>Header Files\engine\tools</Filter>
    </ClInclude>
    <ClInclude Include="animation.h">
      <Filter>Header Files\engine\game</Filter>
    </ClInclude>
    <ClInclude Include="hashmap.h">
      <Filter>Header Files\hashmap</Filter>
    </ClInclude>
    <ClInclude Include="player.h">
      <Filter>Header Files\module\actors\player_states</Filter>
    </ClInclude>
    <ClInclude Include="hud.h">
      <Filter>Header Files\engine\game</Filter>
    </ClInclude>
    <ClInclude Include="actor_trigger_exit.h">
      <Filter>Header Files\engine\actors</Filter>
    </ClInclude>
    <ClInclude Include="text_loading.h">
      <Filter>Header Files\engine\localization</Filter>
    </ClInclude>
    <ClInclude Include="actor_textbox.h">
      <Filter>Header Files\engine\actors</Filter>
    </ClInclude>
    <ClInclude Include="actor_library.h">
      <Filter>Header Files\module</Filter>
    </ClInclude>
    <ClInclude Include="scene_library.h">
      <Filter>Header Files\module</Filter>
    </ClInclude>
    <ClInclude Include="inventory.h">
      <Filter>Header Files\module</Filter>
    </ClInclude>
    <ClInclude Include="world_state.h">
      <Filter>Header Files\module</Filter>
    </ClInclude>
    <ClInclude Include="core_assets.h">
      <Filter>Header Files\module</Filter>
    </ClInclude>
    <ClInclude Include="game_state.h">
      <Filter>Header Files\engine\game</Filter>
    </ClInclude>
    <ClInclude Include="cJSON.h">
      <Filter>Header Files\cjson</Filter>
    </ClInclude>
    <ClInclude Include="cJSON_Utils.h">
      <Filter>Header Files\cjson</Filter>
    </ClInclude>
    <ClInclude Include="models.h">
      <Filter>Header Files\engine\game</Filter>
    </ClInclude>
    <ClInclude Include="json_properties.h">
      <Filter>Header Files\module</Filter>
    </ClInclude>
    <ClInclude Include="actor_fade.h">
      <Filter>Header Files\engine\actors</Filter>
    </ClInclude>
    <ClInclude Include="json_properties.h">
      <Filter>Header Files</Filter>
    </ClInclude>
    <ClInclude Include="post_processing.h">
      <Filter>Header Files\engine\game</Filter>
    </ClInclude>
    <ClInclude Include="adv_postprocessing.h">
      <Filter>Header Files</Filter>
    </ClInclude>
  </ItemGroup>
  <ItemGroup>
    <None Include="cpp.hint" />
    <None Include="input.h">
      <Filter>Header Files\engine\game</Filter>
    </None>
  </ItemGroup>
</Project>